// !$*UTF8*$!
{
	archiveVersion = 1;
	classes = {
	};
	objectVersion = 55;
	objects = {

/* Begin PBXBuildFile section */
		33DFEA2C27F44B5200CFD745 /* AppDelegate.swift in Sources */ = {isa = PBXBuildFile; fileRef = 33DFEA2B27F44B5200CFD745 /* AppDelegate.swift */; };
		33DFEA2E27F44B5200CFD745 /* SceneDelegate.swift in Sources */ = {isa = PBXBuildFile; fileRef = 33DFEA2D27F44B5200CFD745 /* SceneDelegate.swift */; };
		33DFEA3027F44B5200CFD745 /* WeatherViewController.swift in Sources */ = {isa = PBXBuildFile; fileRef = 33DFEA2F27F44B5200CFD745 /* WeatherViewController.swift */; };
		33DFEA3327F44B5200CFD745 /* Main.storyboard in Resources */ = {isa = PBXBuildFile; fileRef = 33DFEA3127F44B5200CFD745 /* Main.storyboard */; };
		33DFEA3527F44B5300CFD745 /* Assets.xcassets in Resources */ = {isa = PBXBuildFile; fileRef = 33DFEA3427F44B5300CFD745 /* Assets.xcassets */; };
		33DFEA3827F44B5300CFD745 /* LaunchScreen.storyboard in Resources */ = {isa = PBXBuildFile; fileRef = 33DFEA3627F44B5300CFD745 /* LaunchScreen.storyboard */; };
		33DFEA4627F57AAE00CFD745 /* WeatherManager.swift in Sources */ = {isa = PBXBuildFile; fileRef = 33DFEA4527F57AAE00CFD745 /* WeatherManager.swift */; };
		33DFEA4927F5D7A300CFD745 /* WeatherData.swift in Sources */ = {isa = PBXBuildFile; fileRef = 33DFEA4827F5D7A300CFD745 /* WeatherData.swift */; };
		33DFEA4B27F5E97000CFD745 /* WeatherModel.swift in Sources */ = {isa = PBXBuildFile; fileRef = 33DFEA4A27F5E97000CFD745 /* WeatherModel.swift */; };
		33DFEA6F27F772F000CFD745 /* ApiKey.swift in Sources */ = {isa = PBXBuildFile; fileRef = 33DFEA6E27F772F000CFD745 /* ApiKey.swift */; };
/* End PBXBuildFile section */

/* Begin PBXFileReference section */
		33DFEA2827F44B5200CFD745 /* ClimaApp.app */ = {isa = PBXFileReference; explicitFileType = wrapper.application; includeInIndex = 0; path = ClimaApp.app; sourceTree = BUILT_PRODUCTS_DIR; };
		33DFEA2B27F44B5200CFD745 /* AppDelegate.swift */ = {isa = PBXFileReference; lastKnownFileType = sourcecode.swift; path = AppDelegate.swift; sourceTree = "<group>"; };
		33DFEA2D27F44B5200CFD745 /* SceneDelegate.swift */ = {isa = PBXFileReference; lastKnownFileType = sourcecode.swift; path = SceneDelegate.swift; sourceTree = "<group>"; };
		33DFEA2F27F44B5200CFD745 /* WeatherViewController.swift */ = {isa = PBXFileReference; lastKnownFileType = sourcecode.swift; path = WeatherViewController.swift; sourceTree = "<group>"; };
		33DFEA3227F44B5200CFD745 /* Base */ = {isa = PBXFileReference; lastKnownFileType = file.storyboard; name = Base; path = Base.lproj/Main.storyboard; sourceTree = "<group>"; };
		33DFEA3427F44B5300CFD745 /* Assets.xcassets */ = {isa = PBXFileReference; lastKnownFileType = folder.assetcatalog; path = Assets.xcassets; sourceTree = "<group>"; };
		33DFEA3727F44B5300CFD745 /* Base */ = {isa = PBXFileReference; lastKnownFileType = file.storyboard; name = Base; path = Base.lproj/LaunchScreen.storyboard; sourceTree = "<group>"; };
		33DFEA3927F44B5300CFD745 /* Info.plist */ = {isa = PBXFileReference; lastKnownFileType = text.plist.xml; path = Info.plist; sourceTree = "<group>"; };
		33DFEA4527F57AAE00CFD745 /* WeatherManager.swift */ = {isa = PBXFileReference; lastKnownFileType = sourcecode.swift; path = WeatherManager.swift; sourceTree = "<group>"; };
		33DFEA4827F5D7A300CFD745 /* WeatherData.swift */ = {isa = PBXFileReference; lastKnownFileType = sourcecode.swift; path = WeatherData.swift; sourceTree = "<group>"; };
		33DFEA4A27F5E97000CFD745 /* WeatherModel.swift */ = {isa = PBXFileReference; lastKnownFileType = sourcecode.swift; path = WeatherModel.swift; sourceTree = "<group>"; };
		33DFEA6E27F772F000CFD745 /* ApiKey.swift */ = {isa = PBXFileReference; lastKnownFileType = sourcecode.swift; path = ApiKey.swift; sourceTree = "<group>"; };
/* End PBXFileReference section */

/* Begin PBXFrameworksBuildPhase section */
		33DFEA2527F44B5200CFD745 /* Frameworks */ = {
			isa = PBXFrameworksBuildPhase;
			buildActionMask = 2147483647;
			files = (
			);
			runOnlyForDeploymentPostprocessing = 0;
		};
/* End PBXFrameworksBuildPhase section */

/* Begin PBXGroup section */
		33DFEA1F27F44B5200CFD745 = {
			isa = PBXGroup;
			children = (
				33DFEA2A27F44B5200CFD745 /* ClimaApp */,
				33DFEA2927F44B5200CFD745 /* Products */,
			);
			sourceTree = "<group>";
		};
		33DFEA2927F44B5200CFD745 /* Products */ = {
			isa = PBXGroup;
			children = (
				33DFEA2827F44B5200CFD745 /* ClimaApp.app */,
			);
			name = Products;
			sourceTree = "<group>";
		};
		33DFEA2A27F44B5200CFD745 /* ClimaApp */ = {
			isa = PBXGroup;
			children = (
				33DFEA2B27F44B5200CFD745 /* AppDelegate.swift */,
				33DFEA2D27F44B5200CFD745 /* SceneDelegate.swift */,
				33DFEA4727F57AB500CFD745 /* Model */,
				33DFEA4427F44BCA00CFD745 /* Controller */,
				33DFEA4327F44BBE00CFD745 /* View */,
				33DFEA3427F44B5300CFD745 /* Assets.xcassets */,
				33DFEA3627F44B5300CFD745 /* LaunchScreen.storyboard */,
				33DFEA3927F44B5300CFD745 /* Info.plist */,
				33DFEA6E27F772F000CFD745 /* ApiKey.swift */,
			);
			path = ClimaApp;
			sourceTree = "<group>";
		};
		33DFEA4327F44BBE00CFD745 /* View */ = {
			isa = PBXGroup;
			children = (
				33DFEA3127F44B5200CFD745 /* Main.storyboard */,
			);
			path = View;
			sourceTree = "<group>";
		};
		33DFEA4427F44BCA00CFD745 /* Controller */ = {
			isa = PBXGroup;
			children = (
				33DFEA2F27F44B5200CFD745 /* WeatherViewController.swift */,
			);
			path = Controller;
			sourceTree = "<group>";
		};
		33DFEA4727F57AB500CFD745 /* Model */ = {
			isa = PBXGroup;
			children = (
				33DFEA4527F57AAE00CFD745 /* WeatherManager.swift */,
				33DFEA4827F5D7A300CFD745 /* WeatherData.swift */,
				33DFEA4A27F5E97000CFD745 /* WeatherModel.swift */,
			);
			path = Model;
			sourceTree = "<group>";
		};
/* End PBXGroup section */

/* Begin PBXNativeTarget section */
		33DFEA2727F44B5200CFD745 /* ClimaApp */ = {
			isa = PBXNativeTarget;
			buildConfigurationList = 33DFEA3C27F44B5300CFD745 /* Build configuration list for PBXNativeTarget "ClimaApp" */;
			buildPhases = (
				33DFEA2427F44B5200CFD745 /* Sources */,
				33DFEA2527F44B5200CFD745 /* Frameworks */,
				33DFEA2627F44B5200CFD745 /* Resources */,
			);
			buildRules = (
			);
			dependencies = (
			);
			name = ClimaApp;
			productName = ClimaApp;
			productReference = 33DFEA2827F44B5200CFD745 /* ClimaApp.app */;
			productType = "com.apple.product-type.application";
		};
/* End PBXNativeTarget section */

/* Begin PBXProject section */
		33DFEA2027F44B5200CFD745 /* Project object */ = {
			isa = PBXProject;
			attributes = {
				BuildIndependentTargetsInParallel = 1;
				LastSwiftUpdateCheck = 1330;
				LastUpgradeCheck = 1330;
				TargetAttributes = {
					33DFEA2727F44B5200CFD745 = {
						CreatedOnToolsVersion = 13.3;
					};
				};
			};
			buildConfigurationList = 33DFEA2327F44B5200CFD745 /* Build configuration list for PBXProject "ClimaApp" */;
			compatibilityVersion = "Xcode 13.0";
			developmentRegion = en;
			hasScannedForEncodings = 0;
			knownRegions = (
				en,
				Base,
			);
			mainGroup = 33DFEA1F27F44B5200CFD745;
			productRefGroup = 33DFEA2927F44B5200CFD745 /* Products */;
			projectDirPath = "";
			projectRoot = "";
			targets = (
				33DFEA2727F44B5200CFD745 /* ClimaApp */,
			);
		};
/* End PBXProject section */

/* Begin PBXResourcesBuildPhase section */
		33DFEA2627F44B5200CFD745 /* Resources */ = {
			isa = PBXResourcesBuildPhase;
			buildActionMask = 2147483647;
			files = (
				33DFEA3827F44B5300CFD745 /* LaunchScreen.storyboard in Resources */,
				33DFEA3527F44B5300CFD745 /* Assets.xcassets in Resources */,
				33DFEA3327F44B5200CFD745 /* Main.storyboard in Resources */,
			);
			runOnlyForDeploymentPostprocessing = 0;
		};
/* End PBXResourcesBuildPhase section */

/* Begin PBXSourcesBuildPhase section */
		33DFEA2427F44B5200CFD745 /* Sources */ = {
			isa = PBXSourcesBuildPhase;
			buildActionMask = 2147483647;
			files = (
				33DFEA3027F44B5200CFD745 /* WeatherViewController.swift in Sources */,
				33DFEA4927F5D7A300CFD745 /* WeatherData.swift in Sources */,
				33DFEA2C27F44B5200CFD745 /* AppDelegate.swift in Sources */,
				33DFEA4627F57AAE00CFD745 /* WeatherManager.swift in Sources */,
				33DFEA6F27F772F000CFD745 /* ApiKey.swift in Sources */,
				33DFEA4B27F5E97000CFD745 /* WeatherModel.swift in Sources */,
				33DFEA2E27F44B5200CFD745 /* SceneDelegate.swift in Sources */,
			);
			runOnlyForDeploymentPostprocessing = 0;
		};
/* End PBXSourcesBuildPhase section */

/* Begin PBXVariantGroup section */
		33DFEA3127F44B5200CFD745 /* Main.storyboard */ = {
			isa = PBXVariantGroup;
			children = (
				33DFEA3227F44B5200CFD745 /* Base */,
			);
			name = Main.storyboard;
			sourceTree = "<group>";
		};
		33DFEA3627F44B5300CFD745 /* LaunchScreen.storyboard */ = {
			isa = PBXVariantGroup;
			children = (
				33DFEA3727F44B5300CFD745 /* Base */,
			);
			name = LaunchScreen.storyboard;
			sourceTree = "<group>";
		};
/* End PBXVariantGroup section */

/* Begin XCBuildConfiguration section */
		33DFEA3A27F44B5300CFD745 /* Debug */ = {
			isa = XCBuildConfiguration;
			buildSettings = {
				ALWAYS_SEARCH_USER_PATHS = NO;
				CLANG_ANALYZER_NONNULL = YES;
				CLANG_ANALYZER_NUMBER_OBJECT_CONVERSION = YES_AGGRESSIVE;
				CLANG_CXX_LANGUAGE_STANDARD = "gnu++17";
				CLANG_ENABLE_MODULES = YES;
				CLANG_ENABLE_OBJC_ARC = YES;
				CLANG_ENABLE_OBJC_WEAK = YES;
				CLANG_WARN_BLOCK_CAPTURE_AUTORELEASING = YES;
				CLANG_WARN_BOOL_CONVERSION = YES;
				CLANG_WARN_COMMA = YES;
				CLANG_WARN_CONSTANT_CONVERSION = YES;
				CLANG_WARN_DEPRECATED_OBJC_IMPLEMENTATIONS = YES;
				CLANG_WARN_DIRECT_OBJC_ISA_USAGE = YES_ERROR;
				CLANG_WARN_DOCUMENTATION_COMMENTS = YES;
				CLANG_WARN_EMPTY_BODY = YES;
				CLANG_WARN_ENUM_CONVERSION = YES;
				CLANG_WARN_INFINITE_RECURSION = YES;
				CLANG_WARN_INT_CONVERSION = YES;
				CLANG_WARN_NON_LITERAL_NULL_CONVERSION = YES;
				CLANG_WARN_OBJC_IMPLICIT_RETAIN_SELF = YES;
				CLANG_WARN_OBJC_LITERAL_CONVERSION = YES;
				CLANG_WARN_OBJC_ROOT_CLASS = YES_ERROR;
				CLANG_WARN_QUOTED_INCLUDE_IN_FRAMEWORK_HEADER = YES;
				CLANG_WARN_RANGE_LOOP_ANALYSIS = YES;
				CLANG_WARN_STRICT_PROTOTYPES = YES;
				CLANG_WARN_SUSPICIOUS_MOVE = YES;
				CLANG_WARN_UNGUARDED_AVAILABILITY = YES_AGGRESSIVE;
				CLANG_WARN_UNREACHABLE_CODE = YES;
				CLANG_WARN__DUPLICATE_METHOD_MATCH = YES;
				COPY_PHASE_STRIP = NO;
				DEBUG_INFORMATION_FORMAT = dwarf;
				ENABLE_STRICT_OBJC_MSGSEND = YES;
				ENABLE_TESTABILITY = YES;
				GCC_C_LANGUAGE_STANDARD = gnu11;
				GCC_DYNAMIC_NO_PIC = NO;
				GCC_NO_COMMON_BLOCKS = YES;
				GCC_OPTIMIZATION_LEVEL = 0;
				GCC_PREPROCESSOR_DEFINITIONS = (
					"DEBUG=1",
					"$(inherited)",
				);
				GCC_WARN_64_TO_32_BIT_CONVERSION = YES;
				GCC_WARN_ABOUT_RETURN_TYPE = YES_ERROR;
				GCC_WARN_UNDECLARED_SELECTOR = YES;
				GCC_WARN_UNINITIALIZED_AUTOS = YES_AGGRESSIVE;
				GCC_WARN_UNUSED_FUNCTION = YES;
				GCC_WARN_UNUSED_VARIABLE = YES;
				IPHONEOS_DEPLOYMENT_TARGET = 15.4;
				MTL_ENABLE_DEBUG_INFO = INCLUDE_SOURCE;
				MTL_FAST_MATH = YES;
				ONLY_ACTIVE_ARCH = YES;
				SDKROOT = iphoneos;
				SWIFT_ACTIVE_COMPILATION_CONDITIONS = DEBUG;
				SWIFT_OPTIMIZATION_LEVEL = "-Onone";
			};
			name = Debug;
		};
		33DFEA3B27F44B5300CFD745 /* Release */ = {
			isa = XCBuildConfiguration;
			buildSettings = {
				ALWAYS_SEARCH_USER_PATHS = NO;
				CLANG_ANALYZER_NONNULL = YES;
				CLANG_ANALYZER_NUMBER_OBJECT_CONVERSION = YES_AGGRESSIVE;
				CLANG_CXX_LANGUAGE_STANDARD = "gnu++17";
				CLANG_ENABLE_MODULES = YES;
				CLANG_ENABLE_OBJC_ARC = YES;
				CLANG_ENABLE_OBJC_WEAK = YES;
				CLANG_WARN_BLOCK_CAPTURE_AUTORELEASING = YES;
				CLANG_WARN_BOOL_CONVERSION = YES;
				CLANG_WARN_COMMA = YES;
				CLANG_WARN_CONSTANT_CONVERSION = YES;
				CLANG_WARN_DEPRECATED_OBJC_IMPLEMENTATIONS = YES;
				CLANG_WARN_DIRECT_OBJC_ISA_USAGE = YES_ERROR;
				CLANG_WARN_DOCUMENTATION_COMMENTS = YES;
				CLANG_WARN_EMPTY_BODY = YES;
				CLANG_WARN_ENUM_CONVERSION = YES;
				CLANG_WARN_INFINITE_RECURSION = YES;
				CLANG_WARN_INT_CONVERSION = YES;
				CLANG_WARN_NON_LITERAL_NULL_CONVERSION = YES;
				CLANG_WARN_OBJC_IMPLICIT_RETAIN_SELF = YES;
				CLANG_WARN_OBJC_LITERAL_CONVERSION = YES;
				CLANG_WARN_OBJC_ROOT_CLASS = YES_ERROR;
				CLANG_WARN_QUOTED_INCLUDE_IN_FRAMEWORK_HEADER = YES;
				CLANG_WARN_RANGE_LOOP_ANALYSIS = YES;
				CLANG_WARN_STRICT_PROTOTYPES = YES;
				CLANG_WARN_SUSPICIOUS_MOVE = YES;
				CLANG_WARN_UNGUARDED_AVAILABILITY = YES_AGGRESSIVE;
				CLANG_WARN_UNREACHABLE_CODE = YES;
				CLANG_WARN__DUPLICATE_METHOD_MATCH = YES;
				COPY_PHASE_STRIP = NO;
				DEBUG_INFORMATION_FORMAT = "dwarf-with-dsym";
				ENABLE_NS_ASSERTIONS = NO;
				ENABLE_STRICT_OBJC_MSGSEND = YES;
				GCC_C_LANGUAGE_STANDARD = gnu11;
				GCC_NO_COMMON_BLOCKS = YES;
				GCC_WARN_64_TO_32_BIT_CONVERSION = YES;
				GCC_WARN_ABOUT_RETURN_TYPE = YES_ERROR;
				GCC_WARN_UNDECLARED_SELECTOR = YES;
				GCC_WARN_UNINITIALIZED_AUTOS = YES_AGGRESSIVE;
				GCC_WARN_UNUSED_FUNCTION = YES;
				GCC_WARN_UNUSED_VARIABLE = YES;
				IPHONEOS_DEPLOYMENT_TARGET = 15.4;
				MTL_ENABLE_DEBUG_INFO = NO;
				MTL_FAST_MATH = YES;
				SDKROOT = iphoneos;
				SWIFT_COMPILATION_MODE = wholemodule;
				SWIFT_OPTIMIZATION_LEVEL = "-O";
				VALIDATE_PRODUCT = YES;
			};
			name = Release;
		};
		33DFEA3D27F44B5300CFD745 /* Debug */ = {
			isa = XCBuildConfiguration;
			buildSettings = {
				ASSETCATALOG_COMPILER_APPICON_NAME = AppIcon;
				ASSETCATALOG_COMPILER_GLOBAL_ACCENT_COLOR_NAME = AccentColor;
				CODE_SIGN_STYLE = Automatic;
				CURRENT_PROJECT_VERSION = 1;
				GENERATE_INFOPLIST_FILE = YES;
				INFOPLIST_FILE = ClimaApp/Info.plist;
				INFOPLIST_KEY_NSLocationWhenInUseUsageDescription = "We need your location to get the current weather for where you are";
				INFOPLIST_KEY_UIApplicationSupportsIndirectInputEvents = YES;
				INFOPLIST_KEY_UILaunchStoryboardName = LaunchScreen;
				INFOPLIST_KEY_UIMainStoryboardFile = Main;
				INFOPLIST_KEY_UISupportedInterfaceOrientations_iPad = "UIInterfaceOrientationPortrait UIInterfaceOrientationPortraitUpsideDown UIInterfaceOrientationLandscapeLeft UIInterfaceOrientationLandscapeRight";
				INFOPLIST_KEY_UISupportedInterfaceOrientations_iPhone = "UIInterfaceOrientationPortrait UIInterfaceOrientationLandscapeLeft UIInterfaceOrientationLandscapeRight";
				LD_RUNPATH_SEARCH_PATHS = (
					"$(inherited)",
					"@executable_path/Frameworks",
				);
				MARKETING_VERSION = 1.0;
				PRODUCT_BUNDLE_IDENTIFIER = com.nalanduman.ClimaApp;
				PRODUCT_NAME = "$(TARGET_NAME)";
				SWIFT_EMIT_LOC_STRINGS = YES;
				SWIFT_VERSION = 5.0;
				TARGETED_DEVICE_FAMILY = "1,2";
			};
			name = Debug;
		};
		33DFEA3E27F44B5300CFD745 /* Release */ = {
			isa = XCBuildConfiguration;
			buildSettings = {
				ASSETCATALOG_COMPILER_APPICON_NAME = AppIcon;
				ASSETCATALOG_COMPILER_GLOBAL_ACCENT_COLOR_NAME = AccentColor;
				CODE_SIGN_STYLE = Automatic;
				CURRENT_PROJECT_VERSION = 1;
				GENERATE_INFOPLIST_FILE = YES;
				INFOPLIST_FILE = ClimaApp/Info.plist;
				INFOPLIST_KEY_NSLocationWhenInUseUsageDescription = "We need your location to get the current weather for where you are";
				INFOPLIST_KEY_UIApplicationSupportsIndirectInputEvents = YES;
				INFOPLIST_KEY_UILaunchStoryboardName = LaunchScreen;
				INFOPLIST_KEY_UIMainStoryboardFile = Main;
				INFOPLIST_KEY_UISupportedInterfaceOrientations_iPad = "UIInterfaceOrientationPortrait UIInterfaceOrientationPortraitUpsideDown UIInterfaceOrientationLandscapeLeft UIInterfaceOrientationLandscapeRight";
				INFOPLIST_KEY_UISupportedInterfaceOrientations_iPhone = "UIInterfaceOrientationPortrait UIInterfaceOrientationLandscapeLeft UIInterfaceOrientationLandscapeRight";
				LD_RUNPATH_SEARCH_PATHS = (
					"$(inherited)",
					"@executable_path/Frameworks",
				);
				MARKETING_VERSION = 1.0;
				PRODUCT_BUNDLE_IDENTIFIER = com.nalanduman.ClimaApp;
				PRODUCT_NAME = "$(TARGET_NAME)";
				SWIFT_EMIT_LOC_STRINGS = YES;
				SWIFT_VERSION = 5.0;
				TARGETED_DEVICE_FAMILY = "1,2";
			};
			name = Release;
		};
/* End XCBuildConfiguration section */

/* Begin XCConfigurationList section */
		33DFEA2327F44B5200CFD745 /* Build configuration list for PBXProject "ClimaApp" */ = {
			isa = XCConfigurationList;
			buildConfigurations = (
				33DFEA3A27F44B5300CFD745 /* Debug */,
				33DFEA3B27F44B5300CFD745 /* Release */,
			);
			defaultConfigurationIsVisible = 0;
			defaultConfigurationName = Release;
		};
		33DFEA3C27F44B5300CFD745 /* Build configuration list for PBXNativeTarget "ClimaApp" */ = {
			isa = XCConfigurationList;
			buildConfigurations = (
				33DFEA3D27F44B5300CFD745 /* Debug */,
				33DFEA3E27F44B5300CFD745 /* Release */,
			);
			defaultConfigurationIsVisible = 0;
			defaultConfigurationName = Release;
		};
/* End XCConfigurationList section */
	};
	rootObject = 33DFEA2027F44B5200CFD745 /* Project object */;
}
